
Microsoft Visual Studio Solution File, Format Version 12.00
# Visual Studio 14
VisualStudioVersion = 14.0.25420.1
MinimumVisualStudioVersion = 10.0.40219.1
Project("{FAE04EC0-301F-11D3-BF4B-00C04F79EFBC}") = "Intranet.ViewModel", "Intranet\ViewModel\Intranet.ViewModel.csproj", "{64406F0C-12EE-4385-B6DE-6F54519BD086}"
EndProject
Project("{FAE04EC0-301F-11D3-BF4B-00C04F79EFBC}") = "Intranet.Model", "Intranet\Model\Intranet.Model.csproj", "{0BF2D570-E789-4D08-9A98-8F019BB03DA5}"
EndProject
Project("{FAE04EC0-301F-11D3-BF4B-00C04F79EFBC}") = "Intranet.Dal", "Intranet\Dal\Intranet.Dal.csproj", "{6E55F106-4C2A-4DEE-9F3E-530731447C45}"
EndProject
Project("{FAE04EC0-301F-11D3-BF4B-00C04F79EFBC}") = "Intranet.Definition", "Intranet\Definitions\Intranet.Definition.csproj", "{095033FB-4C81-4556-A7BB-F0C69D7617EE}"
EndProject
Project("{FAE04EC0-301F-11D3-BF4B-00C04F79EFBC}") = "Intranet.Labor.Bll", "Intranet\Labor\Bll\Intranet.Labor.Bll.csproj", "{51428790-ED54-48A4-9EEC-C25E99936E65}"
EndProject
Project("{FAE04EC0-301F-11D3-BF4B-00C04F79EFBC}") = "Intranet.Common", "Intranet\Common\Intranet.Common.csproj", "{9AED7002-C17B-437B-8599-9C0430E19B60}"
EndProject
Project("{FAE04EC0-301F-11D3-BF4B-00C04F79EFBC}") = "Intranet.Labor.Bll.Test", "Intranet.Testing\Labor\Bll\Intranet.Labor.Bll.Test.csproj", "{D54BA11F-6C74-489A-A140-18D89DB89937}"
EndProject
Project("{FAE04EC0-301F-11D3-BF4B-00C04F79EFBC}") = "Intranet.ViewModel.Test", "Intranet.Testing\ViewModel\Intranet.ViewModel.Test.csproj", "{8AEE9D65-8904-44A5-B7F9-CCD0DB9977B3}"
EndProject
Project("{FAE04EC0-301F-11D3-BF4B-00C04F79EFBC}") = "Intranet.Dal.Test", "Intranet.Testing\Dal\Intranet.Dal.Test.csproj", "{E4D3343F-6D08-4CB3-A15D-7B7880BC97BC}"
EndProject
Project("{FAE04EC0-301F-11D3-BF4B-00C04F79EFBC}") = "Intranet.Model.Test", "Intranet.Testing\Model\Intranet.Model.Test.csproj", "{3758228E-0EA5-4771-8DBA-3FA2C20C508E}"
EndProject
Project("{FAE04EC0-301F-11D3-BF4B-00C04F79EFBC}") = "Intranet.Web.Test", "Intranet.Testing\Web\Intranet.Web.Test.csproj", "{4DF76230-9DD2-4B26-8F47-D96158CBEAA7}"
EndProject
Project("{FAE04EC0-301F-11D3-BF4B-00C04F79EFBC}") = "Intranet.Common.Test", "Intranet.Testing\Common\Intranet.Common.Test.csproj", "{30A218FA-36CD-4A57-BB77-4CB0B9EF448C}"
EndProject
Project("{FAE04EC0-301F-11D3-BF4B-00C04F79EFBC}") = "Intranet.Bll", "Intranet\Bll\Intranet.Bll.csproj", "{E2CB059B-136D-4CC2-AC50-E28D71ED7378}"
EndProject
Project("{FAE04EC0-301F-11D3-BF4B-00C04F79EFBC}") = "Intranet.Bll.Test", "Intranet.Testing\Bll\Intranet.Bll.Test.csproj", "{04025ED2-A9DD-4210-A16B-D4033494A867}"
EndProject
Project("{FAE04EC0-301F-11D3-BF4B-00C04F79EFBC}") = "Intranet.Labor.Definition", "Intranet\Labor\Definitions\Intranet.Labor.Definition.csproj", "{B9F53677-B67F-4AA7-9300-B90E7B2F706B}"
EndProject
Project("{FAE04EC0-301F-11D3-BF4B-00C04F79EFBC}") = "Intranet.Labor.Dal", "Intranet\Labor\Dal\Intranet.Labor.Dal.csproj", "{FA137C05-185F-4036-86FD-D8A09998A250}"
EndProject
Project("{FAE04EC0-301F-11D3-BF4B-00C04F79EFBC}") = "Intranet.Labor.Dal.Test", "Intranet.Testing\Labor\Dal\Intranet.Labor.Dal.Test.csproj", "{5080CF1D-01D0-4F3B-BBD0-B7480258F5DC}"
EndProject
Project("{2150E333-8FDC-42A3-9474-1A3956D46DE8}") = "Labor", "Labor", "{22989D42-464A-41BE-BA0A-4140951AE958}"
EndProject
Project("{2150E333-8FDC-42A3-9474-1A3956D46DE8}") = "_Test", "_Test", "{F6EC038D-E5BE-4E36-A51C-B47A8EB28808}"
EndProject
Project("{2150E333-8FDC-42A3-9474-1A3956D46DE8}") = "_Test", "_Test", "{B453FACC-237D-4829-BC66-4241D304FD6A}"
EndProject
Project("{FAE04EC0-301F-11D3-BF4B-00C04F79EFBC}") = "Intranet.Web", "Intranet\Web\Intranet.Web.csproj", "{856AD2F8-A951-44AD-B159-8C3F880C0F79}"
EndProject
Project("{FAE04EC0-301F-11D3-BF4B-00C04F79EFBC}") = "Intranet.TestEnvironment", "Intranet.Testing\TestEnvironment\Intranet.TestEnvironment.csproj", "{FD9CEB16-DA47-4DAD-B1AB-7EAA27C3BE13}"
EndProject
Project("{FAE04EC0-301F-11D3-BF4B-00C04F79EFBC}") = "Intranet.Labor.Model", "Intranet\Labor\Model\Intranet.Labor.Model.csproj", "{CE4CAF79-B268-4FA9-9D1A-B6C3F3DB4801}"
EndProject
Project("{FAE04EC0-301F-11D3-BF4B-00C04F79EFBC}") = "Intranet.Labor.ViewModel", "Intranet\Labor\ViewModel\Intranet.Labor.ViewModel.csproj", "{E569D010-8ACF-406E-8021-6FEC422960AD}"
EndProject
Project("{FAE04EC0-301F-11D3-BF4B-00C04F79EFBC}") = "Intranet.Integrationtest", "Intranet.Testing\Integrationtest\Intranet.Integrationtest.csproj", "{D0729311-52B7-478F-92E0-BDE08E91798C}"
EndProject
Project("{FAE04EC0-301F-11D3-BF4B-00C04F79EFBC}") = "Intranet.Labor.TestEnvironment", "Intranet.Testing\Labor\TestEnvironment\Intranet.Labor.TestEnvironment.csproj", "{F7BAC127-5B8B-4C83-938A-33C2E8A8C25C}"
EndProject
Project("{FAE04EC0-301F-11D3-BF4B-00C04F79EFBC}") = "Intranet.Labor.Model.Test", "Intranet.Labor.Mode.Test\Intranet.Labor.Model.Test.csproj", "{4904E48F-E0B0-42BB-8A4F-E5E79CD437EC}"
EndProject
Project("{FAE04EC0-301F-11D3-BF4B-00C04F79EFBC}") = "Intranet.Labor.ViewModel.Test", "Intranet.Labor.ViewModel.Test\Intranet.Labor.ViewModel.Test.csproj", "{950665AB-8F4F-4E9F-B56A-E076F8DAD75D}"
EndProject
Global
	GlobalSection(SolutionConfigurationPlatforms) = preSolution
		Debug|Any CPU = Debug|Any CPU
		Release|Any CPU = Release|Any CPU
	EndGlobalSection
	GlobalSection(ProjectConfigurationPlatforms) = postSolution
		{64406F0C-12EE-4385-B6DE-6F54519BD086}.Debug|Any CPU.ActiveCfg = Debug|Any CPU
		{64406F0C-12EE-4385-B6DE-6F54519BD086}.Debug|Any CPU.Build.0 = Debug|Any CPU
		{64406F0C-12EE-4385-B6DE-6F54519BD086}.Release|Any CPU.ActiveCfg = Release|Any CPU
		{64406F0C-12EE-4385-B6DE-6F54519BD086}.Release|Any CPU.Build.0 = Release|Any CPU
		{0BF2D570-E789-4D08-9A98-8F019BB03DA5}.Debug|Any CPU.ActiveCfg = Debug|Any CPU
		{0BF2D570-E789-4D08-9A98-8F019BB03DA5}.Debug|Any CPU.Build.0 = Debug|Any CPU
		{0BF2D570-E789-4D08-9A98-8F019BB03DA5}.Release|Any CPU.ActiveCfg = Release|Any CPU
		{0BF2D570-E789-4D08-9A98-8F019BB03DA5}.Release|Any CPU.Build.0 = Release|Any CPU
		{6E55F106-4C2A-4DEE-9F3E-530731447C45}.Debug|Any CPU.ActiveCfg = Debug|Any CPU
		{6E55F106-4C2A-4DEE-9F3E-530731447C45}.Debug|Any CPU.Build.0 = Debug|Any CPU
		{6E55F106-4C2A-4DEE-9F3E-530731447C45}.Release|Any CPU.ActiveCfg = Release|Any CPU
		{6E55F106-4C2A-4DEE-9F3E-530731447C45}.Release|Any CPU.Build.0 = Release|Any CPU
		{095033FB-4C81-4556-A7BB-F0C69D7617EE}.Debug|Any CPU.ActiveCfg = Debug|Any CPU
		{095033FB-4C81-4556-A7BB-F0C69D7617EE}.Debug|Any CPU.Build.0 = Debug|Any CPU
		{095033FB-4C81-4556-A7BB-F0C69D7617EE}.Release|Any CPU.ActiveCfg = Release|Any CPU
		{095033FB-4C81-4556-A7BB-F0C69D7617EE}.Release|Any CPU.Build.0 = Release|Any CPU
		{51428790-ED54-48A4-9EEC-C25E99936E65}.Debug|Any CPU.ActiveCfg = Debug|Any CPU
		{51428790-ED54-48A4-9EEC-C25E99936E65}.Debug|Any CPU.Build.0 = Debug|Any CPU
		{51428790-ED54-48A4-9EEC-C25E99936E65}.Release|Any CPU.ActiveCfg = Release|Any CPU
		{51428790-ED54-48A4-9EEC-C25E99936E65}.Release|Any CPU.Build.0 = Release|Any CPU
		{9AED7002-C17B-437B-8599-9C0430E19B60}.Debug|Any CPU.ActiveCfg = Debug|Any CPU
		{9AED7002-C17B-437B-8599-9C0430E19B60}.Debug|Any CPU.Build.0 = Debug|Any CPU
		{9AED7002-C17B-437B-8599-9C0430E19B60}.Release|Any CPU.ActiveCfg = Release|Any CPU
		{9AED7002-C17B-437B-8599-9C0430E19B60}.Release|Any CPU.Build.0 = Release|Any CPU
		{D54BA11F-6C74-489A-A140-18D89DB89937}.Debug|Any CPU.ActiveCfg = Debug|Any CPU
		{D54BA11F-6C74-489A-A140-18D89DB89937}.Debug|Any CPU.Build.0 = Debug|Any CPU
		{D54BA11F-6C74-489A-A140-18D89DB89937}.Release|Any CPU.ActiveCfg = Release|Any CPU
		{D54BA11F-6C74-489A-A140-18D89DB89937}.Release|Any CPU.Build.0 = Release|Any CPU
		{8AEE9D65-8904-44A5-B7F9-CCD0DB9977B3}.Debug|Any CPU.ActiveCfg = Debug|Any CPU
		{8AEE9D65-8904-44A5-B7F9-CCD0DB9977B3}.Debug|Any CPU.Build.0 = Debug|Any CPU
		{8AEE9D65-8904-44A5-B7F9-CCD0DB9977B3}.Release|Any CPU.ActiveCfg = Release|Any CPU
		{8AEE9D65-8904-44A5-B7F9-CCD0DB9977B3}.Release|Any CPU.Build.0 = Release|Any CPU
		{E4D3343F-6D08-4CB3-A15D-7B7880BC97BC}.Debug|Any CPU.ActiveCfg = Debug|Any CPU
		{E4D3343F-6D08-4CB3-A15D-7B7880BC97BC}.Debug|Any CPU.Build.0 = Debug|Any CPU
		{E4D3343F-6D08-4CB3-A15D-7B7880BC97BC}.Release|Any CPU.ActiveCfg = Release|Any CPU
		{E4D3343F-6D08-4CB3-A15D-7B7880BC97BC}.Release|Any CPU.Build.0 = Release|Any CPU
		{3758228E-0EA5-4771-8DBA-3FA2C20C508E}.Debug|Any CPU.ActiveCfg = Debug|Any CPU
		{3758228E-0EA5-4771-8DBA-3FA2C20C508E}.Debug|Any CPU.Build.0 = Debug|Any CPU
		{3758228E-0EA5-4771-8DBA-3FA2C20C508E}.Release|Any CPU.ActiveCfg = Release|Any CPU
		{3758228E-0EA5-4771-8DBA-3FA2C20C508E}.Release|Any CPU.Build.0 = Release|Any CPU
		{4DF76230-9DD2-4B26-8F47-D96158CBEAA7}.Debug|Any CPU.ActiveCfg = Debug|Any CPU
		{4DF76230-9DD2-4B26-8F47-D96158CBEAA7}.Debug|Any CPU.Build.0 = Debug|Any CPU
		{4DF76230-9DD2-4B26-8F47-D96158CBEAA7}.Release|Any CPU.ActiveCfg = Release|Any CPU
		{4DF76230-9DD2-4B26-8F47-D96158CBEAA7}.Release|Any CPU.Build.0 = Release|Any CPU
		{30A218FA-36CD-4A57-BB77-4CB0B9EF448C}.Debug|Any CPU.ActiveCfg = Debug|Any CPU
		{30A218FA-36CD-4A57-BB77-4CB0B9EF448C}.Debug|Any CPU.Build.0 = Debug|Any CPU
		{30A218FA-36CD-4A57-BB77-4CB0B9EF448C}.Release|Any CPU.ActiveCfg = Release|Any CPU
		{30A218FA-36CD-4A57-BB77-4CB0B9EF448C}.Release|Any CPU.Build.0 = Release|Any CPU
		{E2CB059B-136D-4CC2-AC50-E28D71ED7378}.Debug|Any CPU.ActiveCfg = Debug|Any CPU
		{E2CB059B-136D-4CC2-AC50-E28D71ED7378}.Debug|Any CPU.Build.0 = Debug|Any CPU
		{E2CB059B-136D-4CC2-AC50-E28D71ED7378}.Release|Any CPU.ActiveCfg = Release|Any CPU
		{E2CB059B-136D-4CC2-AC50-E28D71ED7378}.Release|Any CPU.Build.0 = Release|Any CPU
		{04025ED2-A9DD-4210-A16B-D4033494A867}.Debug|Any CPU.ActiveCfg = Debug|Any CPU
		{04025ED2-A9DD-4210-A16B-D4033494A867}.Debug|Any CPU.Build.0 = Debug|Any CPU
		{04025ED2-A9DD-4210-A16B-D4033494A867}.Release|Any CPU.ActiveCfg = Release|Any CPU
		{04025ED2-A9DD-4210-A16B-D4033494A867}.Release|Any CPU.Build.0 = Release|Any CPU
		{B9F53677-B67F-4AA7-9300-B90E7B2F706B}.Debug|Any CPU.ActiveCfg = Debug|Any CPU
		{B9F53677-B67F-4AA7-9300-B90E7B2F706B}.Debug|Any CPU.Build.0 = Debug|Any CPU
		{B9F53677-B67F-4AA7-9300-B90E7B2F706B}.Release|Any CPU.ActiveCfg = Release|Any CPU
		{B9F53677-B67F-4AA7-9300-B90E7B2F706B}.Release|Any CPU.Build.0 = Release|Any CPU
		{FA137C05-185F-4036-86FD-D8A09998A250}.Debug|Any CPU.ActiveCfg = Debug|Any CPU
		{FA137C05-185F-4036-86FD-D8A09998A250}.Debug|Any CPU.Build.0 = Debug|Any CPU
		{FA137C05-185F-4036-86FD-D8A09998A250}.Release|Any CPU.ActiveCfg = Release|Any CPU
		{FA137C05-185F-4036-86FD-D8A09998A250}.Release|Any CPU.Build.0 = Release|Any CPU
		{5080CF1D-01D0-4F3B-BBD0-B7480258F5DC}.Debug|Any CPU.ActiveCfg = Debug|Any CPU
		{5080CF1D-01D0-4F3B-BBD0-B7480258F5DC}.Debug|Any CPU.Build.0 = Debug|Any CPU
		{5080CF1D-01D0-4F3B-BBD0-B7480258F5DC}.Release|Any CPU.ActiveCfg = Release|Any CPU
		{5080CF1D-01D0-4F3B-BBD0-B7480258F5DC}.Release|Any CPU.Build.0 = Release|Any CPU
		{856AD2F8-A951-44AD-B159-8C3F880C0F79}.Debug|Any CPU.ActiveCfg = Debug|Any CPU
		{856AD2F8-A951-44AD-B159-8C3F880C0F79}.Debug|Any CPU.Build.0 = Debug|Any CPU
		{856AD2F8-A951-44AD-B159-8C3F880C0F79}.Release|Any CPU.ActiveCfg = Release|Any CPU
		{856AD2F8-A951-44AD-B159-8C3F880C0F79}.Release|Any CPU.Build.0 = Release|Any CPU
		{FD9CEB16-DA47-4DAD-B1AB-7EAA27C3BE13}.Debug|Any CPU.ActiveCfg = Debug|Any CPU
		{FD9CEB16-DA47-4DAD-B1AB-7EAA27C3BE13}.Debug|Any CPU.Build.0 = Debug|Any CPU
		{FD9CEB16-DA47-4DAD-B1AB-7EAA27C3BE13}.Release|Any CPU.ActiveCfg = Release|Any CPU
		{FD9CEB16-DA47-4DAD-B1AB-7EAA27C3BE13}.Release|Any CPU.Build.0 = Release|Any CPU
		{CE4CAF79-B268-4FA9-9D1A-B6C3F3DB4801}.Debug|Any CPU.ActiveCfg = Debug|Any CPU
		{CE4CAF79-B268-4FA9-9D1A-B6C3F3DB4801}.Debug|Any CPU.Build.0 = Debug|Any CPU
		{CE4CAF79-B268-4FA9-9D1A-B6C3F3DB4801}.Release|Any CPU.ActiveCfg = Release|Any CPU
		{CE4CAF79-B268-4FA9-9D1A-B6C3F3DB4801}.Release|Any CPU.Build.0 = Release|Any CPU
		{E569D010-8ACF-406E-8021-6FEC422960AD}.Debug|Any CPU.ActiveCfg = Debug|Any CPU
		{E569D010-8ACF-406E-8021-6FEC422960AD}.Debug|Any CPU.Build.0 = Debug|Any CPU
		{E569D010-8ACF-406E-8021-6FEC422960AD}.Release|Any CPU.ActiveCfg = Release|Any CPU
		{E569D010-8ACF-406E-8021-6FEC422960AD}.Release|Any CPU.Build.0 = Release|Any CPU
		{D0729311-52B7-478F-92E0-BDE08E91798C}.Debug|Any CPU.ActiveCfg = Debug|Any CPU
		{D0729311-52B7-478F-92E0-BDE08E91798C}.Debug|Any CPU.Build.0 = Debug|Any CPU
		{D0729311-52B7-478F-92E0-BDE08E91798C}.Release|Any CPU.ActiveCfg = Release|Any CPU
		{D0729311-52B7-478F-92E0-BDE08E91798C}.Release|Any CPU.Build.0 = Release|Any CPU
		{F7BAC127-5B8B-4C83-938A-33C2E8A8C25C}.Debug|Any CPU.ActiveCfg = Debug|Any CPU
		{F7BAC127-5B8B-4C83-938A-33C2E8A8C25C}.Debug|Any CPU.Build.0 = Debug|Any CPU
		{F7BAC127-5B8B-4C83-938A-33C2E8A8C25C}.Release|Any CPU.ActiveCfg = Release|Any CPU
		{F7BAC127-5B8B-4C83-938A-33C2E8A8C25C}.Release|Any CPU.Build.0 = Release|Any CPU
		{4904E48F-E0B0-42BB-8A4F-E5E79CD437EC}.Debug|Any CPU.ActiveCfg = Debug|Any CPU
		{4904E48F-E0B0-42BB-8A4F-E5E79CD437EC}.Debug|Any CPU.Build.0 = Debug|Any CPU
		{4904E48F-E0B0-42BB-8A4F-E5E79CD437EC}.Release|Any CPU.ActiveCfg = Release|Any CPU
		{4904E48F-E0B0-42BB-8A4F-E5E79CD437EC}.Release|Any CPU.Build.0 = Release|Any CPU
		{950665AB-8F4F-4E9F-B56A-E076F8DAD75D}.Debug|Any CPU.ActiveCfg = Debug|Any CPU
		{950665AB-8F4F-4E9F-B56A-E076F8DAD75D}.Debug|Any CPU.Build.0 = Debug|Any CPU
		{950665AB-8F4F-4E9F-B56A-E076F8DAD75D}.Release|Any CPU.ActiveCfg = Release|Any CPU
		{950665AB-8F4F-4E9F-B56A-E076F8DAD75D}.Release|Any CPU.Build.0 = Release|Any CPU
	EndGlobalSection
	GlobalSection(SolutionProperties) = preSolution
		HideSolutionNode = FALSE
	EndGlobalSection
	GlobalSection(NestedProjects) = preSolution
		{51428790-ED54-48A4-9EEC-C25E99936E65} = {22989D42-464A-41BE-BA0A-4140951AE958}
		{D54BA11F-6C74-489A-A140-18D89DB89937} = {B453FACC-237D-4829-BC66-4241D304FD6A}
		{8AEE9D65-8904-44A5-B7F9-CCD0DB9977B3} = {F6EC038D-E5BE-4E36-A51C-B47A8EB28808}
		{E4D3343F-6D08-4CB3-A15D-7B7880BC97BC} = {F6EC038D-E5BE-4E36-A51C-B47A8EB28808}
		{3758228E-0EA5-4771-8DBA-3FA2C20C508E} = {F6EC038D-E5BE-4E36-A51C-B47A8EB28808}
		{4DF76230-9DD2-4B26-8F47-D96158CBEAA7} = {F6EC038D-E5BE-4E36-A51C-B47A8EB28808}
		{30A218FA-36CD-4A57-BB77-4CB0B9EF448C} = {F6EC038D-E5BE-4E36-A51C-B47A8EB28808}
		{04025ED2-A9DD-4210-A16B-D4033494A867} = {F6EC038D-E5BE-4E36-A51C-B47A8EB28808}
		{B9F53677-B67F-4AA7-9300-B90E7B2F706B} = {22989D42-464A-41BE-BA0A-4140951AE958}
		{FA137C05-185F-4036-86FD-D8A09998A250} = {22989D42-464A-41BE-BA0A-4140951AE958}
		{5080CF1D-01D0-4F3B-BBD0-B7480258F5DC} = {B453FACC-237D-4829-BC66-4241D304FD6A}
		{B453FACC-237D-4829-BC66-4241D304FD6A} = {22989D42-464A-41BE-BA0A-4140951AE958}
		{FD9CEB16-DA47-4DAD-B1AB-7EAA27C3BE13} = {F6EC038D-E5BE-4E36-A51C-B47A8EB28808}
		{CE4CAF79-B268-4FA9-9D1A-B6C3F3DB4801} = {22989D42-464A-41BE-BA0A-4140951AE958}
		{E569D010-8ACF-406E-8021-6FEC422960AD} = {22989D42-464A-41BE-BA0A-4140951AE958}
		{D0729311-52B7-478F-92E0-BDE08E91798C} = {F6EC038D-E5BE-4E36-A51C-B47A8EB28808}
		{F7BAC127-5B8B-4C83-938A-33C2E8A8C25C} = {B453FACC-237D-4829-BC66-4241D304FD6A}
		{4904E48F-E0B0-42BB-8A4F-E5E79CD437EC} = {B453FACC-237D-4829-BC66-4241D304FD6A}
		{950665AB-8F4F-4E9F-B56A-E076F8DAD75D} = {B453FACC-237D-4829-BC66-4241D304FD6A}
	EndGlobalSection
EndGlobal
